// !$*UTF8*$!
{
	archiveVersion = 1;
	classes = {
	};
	objectVersion = 56;
	objects = {

/* Begin PBXBuildFile section */
		676CCA262CD0C21000F8D048 /* headlineApp.swift in Sources */ = {isa = PBXBuildFile; fileRef = 676CCA252CD0C21000F8D048 /* headlineApp.swift */; };
		676CCA282CD0C21000F8D048 /* HeadlineView.swift in Sources */ = {isa = PBXBuildFile; fileRef = 676CCA272CD0C21000F8D048 /* HeadlineView.swift */; };
		676CCA2A2CD0C21100F8D048 /* Assets.xcassets in Resources */ = {isa = PBXBuildFile; fileRef = 676CCA292CD0C21100F8D048 /* Assets.xcassets */; };
		676CCA2D2CD0C21100F8D048 /* Preview Assets.xcassets in Resources */ = {isa = PBXBuildFile; fileRef = 676CCA2C2CD0C21100F8D048 /* Preview Assets.xcassets */; };
		676CCA422CD0D55700F8D048 /* HeadlineModel.swift in Sources */ = {isa = PBXBuildFile; fileRef = 676CCA412CD0D55700F8D048 /* HeadlineModel.swift */; };
		676CCA452CD0D5C500F8D048 /* HeadlineAPI.swift in Sources */ = {isa = PBXBuildFile; fileRef = 676CCA442CD0D5C500F8D048 /* HeadlineAPI.swift */; };
		676CCA482CD0E4DF00F8D048 /* HeadlineViewModel.swift in Sources */ = {isa = PBXBuildFile; fileRef = 676CCA472CD0E4DF00F8D048 /* HeadlineViewModel.swift */; };
		676CCA4A2CD11ACF00F8D048 /* HeadlineContentView.swift in Sources */ = {isa = PBXBuildFile; fileRef = 676CCA492CD11ACF00F8D048 /* HeadlineContentView.swift */; };
		E6291A352B7E0C19FFC5D7BB /* Pods_headline.framework in Frameworks */ = {isa = PBXBuildFile; fileRef = 5C2AAB6D50911499C5654D3A /* Pods_headline.framework */; };
/* End PBXBuildFile section */

/* Begin PBXFileReference section */
		5C2AAB6D50911499C5654D3A /* Pods_headline.framework */ = {isa = PBXFileReference; explicitFileType = wrapper.framework; includeInIndex = 0; path = Pods_headline.framework; sourceTree = BUILT_PRODUCTS_DIR; };
		676CCA222CD0C21000F8D048 /* headline.app */ = {isa = PBXFileReference; explicitFileType = wrapper.application; includeInIndex = 0; path = headline.app; sourceTree = BUILT_PRODUCTS_DIR; };
		676CCA252CD0C21000F8D048 /* headlineApp.swift */ = {isa = PBXFileReference; lastKnownFileType = sourcecode.swift; path = headlineApp.swift; sourceTree = "<group>"; };
		676CCA272CD0C21000F8D048 /* HeadlineView.swift */ = {isa = PBXFileReference; lastKnownFileType = sourcecode.swift; path = HeadlineView.swift; sourceTree = "<group>"; };
		676CCA292CD0C21100F8D048 /* Assets.xcassets */ = {isa = PBXFileReference; lastKnownFileType = folder.assetcatalog; path = Assets.xcassets; sourceTree = "<group>"; };
		676CCA2C2CD0C21100F8D048 /* Preview Assets.xcassets */ = {isa = PBXFileReference; lastKnownFileType = folder.assetcatalog; path = "Preview Assets.xcassets"; sourceTree = "<group>"; };
		676CCA412CD0D55700F8D048 /* HeadlineModel.swift */ = {isa = PBXFileReference; lastKnownFileType = sourcecode.swift; path = HeadlineModel.swift; sourceTree = "<group>"; };
		676CCA442CD0D5C500F8D048 /* HeadlineAPI.swift */ = {isa = PBXFileReference; lastKnownFileType = sourcecode.swift; path = HeadlineAPI.swift; sourceTree = "<group>"; };
		676CCA462CD0D84600F8D048 /* Info.plist */ = {isa = PBXFileReference; lastKnownFileType = text.plist; path = Info.plist; sourceTree = "<group>"; };
		676CCA472CD0E4DF00F8D048 /* HeadlineViewModel.swift */ = {isa = PBXFileReference; lastKnownFileType = sourcecode.swift; path = HeadlineViewModel.swift; sourceTree = "<group>"; };
		676CCA492CD11ACF00F8D048 /* HeadlineContentView.swift */ = {isa = PBXFileReference; lastKnownFileType = sourcecode.swift; path = HeadlineContentView.swift; sourceTree = "<group>"; };
		90EA6923915AAAB2F547092D /* Pods-headline.release.xcconfig */ = {isa = PBXFileReference; includeInIndex = 1; lastKnownFileType = text.xcconfig; name = "Pods-headline.release.xcconfig"; path = "Target Support Files/Pods-headline/Pods-headline.release.xcconfig"; sourceTree = "<group>"; };
		93FFC1EA304ACA7A490D1426 /* Pods-headline.debug.xcconfig */ = {isa = PBXFileReference; includeInIndex = 1; lastKnownFileType = text.xcconfig; name = "Pods-headline.debug.xcconfig"; path = "Target Support Files/Pods-headline/Pods-headline.debug.xcconfig"; sourceTree = "<group>"; };
/* End PBXFileReference section */

/* Begin PBXFrameworksBuildPhase section */
		676CCA1F2CD0C21000F8D048 /* Frameworks */ = {
			isa = PBXFrameworksBuildPhase;
			buildActionMask = 2147483647;
			files = (
				E6291A352B7E0C19FFC5D7BB /* Pods_headline.framework in Frameworks */,
			);
			runOnlyForDeploymentPostprocessing = 0;
		};
/* End PBXFrameworksBuildPhase section */

/* Begin PBXGroup section */
		4348C3E38A6C6D3744276D0B /* Frameworks */ = {
			isa = PBXGroup;
			children = (
				5C2AAB6D50911499C5654D3A /* Pods_headline.framework */,
			);
			name = Frameworks;
			sourceTree = "<group>";
		};
		676CCA192CD0C21000F8D048 = {
			isa = PBXGroup;
			children = (
				676CCA242CD0C21000F8D048 /* headline */,
				676CCA232CD0C21000F8D048 /* Products */,
				AB644485E3E0FA002936E255 /* Pods */,
				4348C3E38A6C6D3744276D0B /* Frameworks */,
			);
			sourceTree = "<group>";
		};
		676CCA232CD0C21000F8D048 /* Products */ = {
			isa = PBXGroup;
			children = (
				676CCA222CD0C21000F8D048 /* headline.app */,
			);
			name = Products;
			sourceTree = "<group>";
		};
		676CCA242CD0C21000F8D048 /* headline */ = {
			isa = PBXGroup;
			children = (
				676CCA462CD0D84600F8D048 /* Info.plist */,
				676CCA432CD0D5BA00F8D048 /* API */,
				676CCA402CD0D54200F8D048 /* Model */,
				676CCA3F2CD0D53B00F8D048 /* ViewModel */,
				676CCA3E2CD0D53700F8D048 /* View */,
				676CCA252CD0C21000F8D048 /* headlineApp.swift */,
				676CCA292CD0C21100F8D048 /* Assets.xcassets */,
				676CCA2B2CD0C21100F8D048 /* Preview Content */,
			);
			path = headline;
			sourceTree = "<group>";
		};
		676CCA2B2CD0C21100F8D048 /* Preview Content */ = {
			isa = PBXGroup;
			children = (
				676CCA2C2CD0C21100F8D048 /* Preview Assets.xcassets */,
			);
			path = "Preview Content";
			sourceTree = "<group>";
		};
		676CCA3E2CD0D53700F8D048 /* View */ = {
			isa = PBXGroup;
			children = (
				676CCA272CD0C21000F8D048 /* HeadlineView.swift */,
				676CCA492CD11ACF00F8D048 /* HeadlineContentView.swift */,
			);
			path = View;
			sourceTree = "<group>";
		};
		676CCA3F2CD0D53B00F8D048 /* ViewModel */ = {
			isa = PBXGroup;
			children = (
				676CCA472CD0E4DF00F8D048 /* HeadlineViewModel.swift */,
			);
			path = ViewModel;
			sourceTree = "<group>";
		};
		676CCA402CD0D54200F8D048 /* Model */ = {
			isa = PBXGroup;
			children = (
				676CCA412CD0D55700F8D048 /* HeadlineModel.swift */,
			);
			path = Model;
			sourceTree = "<group>";
		};
		676CCA432CD0D5BA00F8D048 /* API */ = {
			isa = PBXGroup;
			children = (
				676CCA442CD0D5C500F8D048 /* HeadlineAPI.swift */,
			);
			path = API;
			sourceTree = "<group>";
		};
		AB644485E3E0FA002936E255 /* Pods */ = {
			isa = PBXGroup;
			children = (
				93FFC1EA304ACA7A490D1426 /* Pods-headline.debug.xcconfig */,
				90EA6923915AAAB2F547092D /* Pods-headline.release.xcconfig */,
			);
			path = Pods;
			sourceTree = "<group>";
		};
/* End PBXGroup section */

/* Begin PBXNativeTarget section */
		676CCA212CD0C21000F8D048 /* headline */ = {
			isa = PBXNativeTarget;
			buildConfigurationList = 676CCA302CD0C21100F8D048 /* Build configuration list for PBXNativeTarget "headline" */;
			buildPhases = (
				BF0DED399B7771F7693B8D6F /* [CP] Check Pods Manifest.lock */,
				676CCA1E2CD0C21000F8D048 /* Sources */,
				676CCA1F2CD0C21000F8D048 /* Frameworks */,
				676CCA202CD0C21000F8D048 /* Resources */,
				36634F956E6873485CD898BC /* [CP] Embed Pods Frameworks */,
			);
			buildRules = (
			);
			dependencies = (
			);
			name = headline;
			productName = headline;
			productReference = 676CCA222CD0C21000F8D048 /* headline.app */;
			productType = "com.apple.product-type.application";
		};
/* End PBXNativeTarget section */

/* Begin PBXProject section */
		676CCA1A2CD0C21000F8D048 /* Project object */ = {
			isa = PBXProject;
			attributes = {
				BuildIndependentTargetsInParallel = 1;
				LastSwiftUpdateCheck = 1540;
				LastUpgradeCheck = 1540;
				TargetAttributes = {
					676CCA212CD0C21000F8D048 = {
						CreatedOnToolsVersion = 15.4;
					};
				};
			};
			buildConfigurationList = 676CCA1D2CD0C21000F8D048 /* Build configuration list for PBXProject "headline" */;
			compatibilityVersion = "Xcode 14.0";
			developmentRegion = en;
			hasScannedForEncodings = 0;
			knownRegions = (
				en,
				Base,
			);
			mainGroup = 676CCA192CD0C21000F8D048;
			productRefGroup = 676CCA232CD0C21000F8D048 /* Products */;
			projectDirPath = "";
			projectRoot = "";
			targets = (
				676CCA212CD0C21000F8D048 /* headline */,
			);
		};
/* End PBXProject section */

/* Begin PBXResourcesBuildPhase section */
		676CCA202CD0C21000F8D048 /* Resources */ = {
			isa = PBXResourcesBuildPhase;
			buildActionMask = 2147483647;
			files = (
				676CCA2D2CD0C21100F8D048 /* Preview Assets.xcassets in Resources */,
				676CCA2A2CD0C21100F8D048 /* Assets.xcassets in Resources */,
			);
			runOnlyForDeploymentPostprocessing = 0;
		};
/* End PBXResourcesBuildPhase section */

/* Begin PBXShellScriptBuildPhase section */
		36634F956E6873485CD898BC /* [CP] Embed Pods Frameworks */ = {
			isa = PBXShellScriptBuildPhase;
			buildActionMask = 2147483647;
			files = (
			);
			inputFileListPaths = (
				"${PODS_ROOT}/Target Support Files/Pods-headline/Pods-headline-frameworks-${CONFIGURATION}-input-files.xcfilelist",
			);
			name = "[CP] Embed Pods Frameworks";
			outputFileListPaths = (
				"${PODS_ROOT}/Target Support Files/Pods-headline/Pods-headline-frameworks-${CONFIGURATION}-output-files.xcfilelist",
			);
			runOnlyForDeploymentPostprocessing = 0;
			shellPath = /bin/sh;
			shellScript = "\"${PODS_ROOT}/Target Support Files/Pods-headline/Pods-headline-frameworks.sh\"\n";
			showEnvVarsInLog = 0;
		};
		BF0DED399B7771F7693B8D6F /* [CP] Check Pods Manifest.lock */ = {
			isa = PBXShellScriptBuildPhase;
			buildActionMask = 2147483647;
			files = (
			);
			inputFileListPaths = (
			);
			inputPaths = (
				"${PODS_PODFILE_DIR_PATH}/Podfile.lock",
				"${PODS_ROOT}/Manifest.lock",
			);
			name = "[CP] Check Pods Manifest.lock";
			outputFileListPaths = (
			);
			outputPaths = (
				"$(DERIVED_FILE_DIR)/Pods-headline-checkManifestLockResult.txt",
			);
			runOnlyForDeploymentPostprocessing = 0;
			shellPath = /bin/sh;
			shellScript = "diff \"${PODS_PODFILE_DIR_PATH}/Podfile.lock\" \"${PODS_ROOT}/Manifest.lock\" > /dev/null\nif [ $? != 0 ] ; then\n    # print error to STDERR\n    echo \"error: The sandbox is not in sync with the Podfile.lock. Run 'pod install' or update your CocoaPods installation.\" >&2\n    exit 1\nfi\n# This output is used by Xcode 'outputs' to avoid re-running this script phase.\necho \"SUCCESS\" > \"${SCRIPT_OUTPUT_FILE_0}\"\n";
			showEnvVarsInLog = 0;
		};
/* End PBXShellScriptBuildPhase section */

/* Begin PBXSourcesBuildPhase section */
		676CCA1E2CD0C21000F8D048 /* Sources */ = {
			isa = PBXSourcesBuildPhase;
			buildActionMask = 2147483647;
			files = (
				676CCA452CD0D5C500F8D048 /* HeadlineAPI.swift in Sources */,
				676CCA482CD0E4DF00F8D048 /* HeadlineViewModel.swift in Sources */,
				676CCA4A2CD11ACF00F8D048 /* HeadlineContentView.swift in Sources */,
				676CCA282CD0C21000F8D048 /* HeadlineView.swift in Sources */,
				676CCA262CD0C21000F8D048 /* headlineApp.swift in Sources */,
				676CCA422CD0D55700F8D048 /* HeadlineModel.swift in Sources */,
			);
			runOnlyForDeploymentPostprocessing = 0;
		};
/* End PBXSourcesBuildPhase section */

/* Begin XCBuildConfiguration section */
		676CCA2E2CD0C21100F8D048 /* Debug */ = {
			isa = XCBuildConfiguration;
			buildSettings = {
				ALWAYS_SEARCH_USER_PATHS = NO;
				ASSETCATALOG_COMPILER_GENERATE_SWIFT_ASSET_SYMBOL_EXTENSIONS = YES;
				CLANG_ANALYZER_NONNULL = YES;
				CLANG_ANALYZER_NUMBER_OBJECT_CONVERSION = YES_AGGRESSIVE;
				CLANG_CXX_LANGUAGE_STANDARD = "gnu++20";
				CLANG_ENABLE_MODULES = YES;
				CLANG_ENABLE_OBJC_ARC = YES;
				CLANG_ENABLE_OBJC_WEAK = YES;
				CLANG_WARN_BLOCK_CAPTURE_AUTORELEASING = YES;
				CLANG_WARN_BOOL_CONVERSION = YES;
				CLANG_WARN_COMMA = YES;
				CLANG_WARN_CONSTANT_CONVERSION = YES;
				CLANG_WARN_DEPRECATED_OBJC_IMPLEMENTATIONS = YES;
				CLANG_WARN_DIRECT_OBJC_ISA_USAGE = YES_ERROR;
				CLANG_WARN_DOCUMENTATION_COMMENTS = YES;
				CLANG_WARN_EMPTY_BODY = YES;
				CLANG_WARN_ENUM_CONVERSION = YES;
				CLANG_WARN_INFINITE_RECURSION = YES;
				CLANG_WARN_INT_CONVERSION = YES;
				CLANG_WARN_NON_LITERAL_NULL_CONVERSION = YES;
				CLANG_WARN_OBJC_IMPLICIT_RETAIN_SELF = YES;
				CLANG_WARN_OBJC_LITERAL_CONVERSION = YES;
				CLANG_WARN_OBJC_ROOT_CLASS = YES_ERROR;
				CLANG_WARN_QUOTED_INCLUDE_IN_FRAMEWORK_HEADER = YES;
				CLANG_WARN_RANGE_LOOP_ANALYSIS = YES;
				CLANG_WARN_STRICT_PROTOTYPES = YES;
				CLANG_WARN_SUSPICIOUS_MOVE = YES;
				CLANG_WARN_UNGUARDED_AVAILABILITY = YES_AGGRESSIVE;
				CLANG_WARN_UNREACHABLE_CODE = YES;
				CLANG_WARN__DUPLICATE_METHOD_MATCH = YES;
				COPY_PHASE_STRIP = NO;
				DEBUG_INFORMATION_FORMAT = dwarf;
				ENABLE_STRICT_OBJC_MSGSEND = YES;
				ENABLE_TESTABILITY = YES;
				ENABLE_USER_SCRIPT_SANDBOXING = YES;
				GCC_C_LANGUAGE_STANDARD = gnu17;
				GCC_DYNAMIC_NO_PIC = NO;
				GCC_NO_COMMON_BLOCKS = YES;
				GCC_OPTIMIZATION_LEVEL = 0;
				GCC_PREPROCESSOR_DEFINITIONS = (
					"DEBUG=1",
					"$(inherited)",
				);
				GCC_WARN_64_TO_32_BIT_CONVERSION = YES;
				GCC_WARN_ABOUT_RETURN_TYPE = YES_ERROR;
				GCC_WARN_UNDECLARED_SELECTOR = YES;
				GCC_WARN_UNINITIALIZED_AUTOS = YES_AGGRESSIVE;
				GCC_WARN_UNUSED_FUNCTION = YES;
				GCC_WARN_UNUSED_VARIABLE = YES;
				IPHONEOS_DEPLOYMENT_TARGET = 17.5;
				LOCALIZATION_PREFERS_STRING_CATALOGS = YES;
				MTL_ENABLE_DEBUG_INFO = INCLUDE_SOURCE;
				MTL_FAST_MATH = YES;
				ONLY_ACTIVE_ARCH = YES;
				SDKROOT = iphoneos;
				SWIFT_ACTIVE_COMPILATION_CONDITIONS = "DEBUG $(inherited)";
				SWIFT_OPTIMIZATION_LEVEL = "-Onone";
			};
			name = Debug;
		};
		676CCA2F2CD0C21100F8D048 /* Release */ = {
			isa = XCBuildConfiguration;
			buildSettings = {
				ALWAYS_SEARCH_USER_PATHS = NO;
				ASSETCATALOG_COMPILER_GENERATE_SWIFT_ASSET_SYMBOL_EXTENSIONS = YES;
				CLANG_ANALYZER_NONNULL = YES;
				CLANG_ANALYZER_NUMBER_OBJECT_CONVERSION = YES_AGGRESSIVE;
				CLANG_CXX_LANGUAGE_STANDARD = "gnu++20";
				CLANG_ENABLE_MODULES = YES;
				CLANG_ENABLE_OBJC_ARC = YES;
				CLANG_ENABLE_OBJC_WEAK = YES;
				CLANG_WARN_BLOCK_CAPTURE_AUTORELEASING = YES;
				CLANG_WARN_BOOL_CONVERSION = YES;
				CLANG_WARN_COMMA = YES;
				CLANG_WARN_CONSTANT_CONVERSION = YES;
				CLANG_WARN_DEPRECATED_OBJC_IMPLEMENTATIONS = YES;
				CLANG_WARN_DIRECT_OBJC_ISA_USAGE = YES_ERROR;
				CLANG_WARN_DOCUMENTATION_COMMENTS = YES;
				CLANG_WARN_EMPTY_BODY = YES;
				CLANG_WARN_ENUM_CONVERSION = YES;
				CLANG_WARN_INFINITE_RECURSION = YES;
				CLANG_WARN_INT_CONVERSION = YES;
				CLANG_WARN_NON_LITERAL_NULL_CONVERSION = YES;
				CLANG_WARN_OBJC_IMPLICIT_RETAIN_SELF = YES;
				CLANG_WARN_OBJC_LITERAL_CONVERSION = YES;
				CLANG_WARN_OBJC_ROOT_CLASS = YES_ERROR;
				CLANG_WARN_QUOTED_INCLUDE_IN_FRAMEWORK_HEADER = YES;
				CLANG_WARN_RANGE_LOOP_ANALYSIS = YES;
				CLANG_WARN_STRICT_PROTOTYPES = YES;
				CLANG_WARN_SUSPICIOUS_MOVE = YES;
				CLANG_WARN_UNGUARDED_AVAILABILITY = YES_AGGRESSIVE;
				CLANG_WARN_UNREACHABLE_CODE = YES;
				CLANG_WARN__DUPLICATE_METHOD_MATCH = YES;
				COPY_PHASE_STRIP = NO;
				DEBUG_INFORMATION_FORMAT = "dwarf-with-dsym";
				ENABLE_NS_ASSERTIONS = NO;
				ENABLE_STRICT_OBJC_MSGSEND = YES;
				ENABLE_USER_SCRIPT_SANDBOXING = YES;
				GCC_C_LANGUAGE_STANDARD = gnu17;
				GCC_NO_COMMON_BLOCKS = YES;
				GCC_WARN_64_TO_32_BIT_CONVERSION = YES;
				GCC_WARN_ABOUT_RETURN_TYPE = YES_ERROR;
				GCC_WARN_UNDECLARED_SELECTOR = YES;
				GCC_WARN_UNINITIALIZED_AUTOS = YES_AGGRESSIVE;
				GCC_WARN_UNUSED_FUNCTION = YES;
				GCC_WARN_UNUSED_VARIABLE = YES;
				IPHONEOS_DEPLOYMENT_TARGET = 17.5;
				LOCALIZATION_PREFERS_STRING_CATALOGS = YES;
				MTL_ENABLE_DEBUG_INFO = NO;
				MTL_FAST_MATH = YES;
				SDKROOT = iphoneos;
				SWIFT_COMPILATION_MODE = wholemodule;
				VALIDATE_PRODUCT = YES;
			};
			name = Release;
		};
		676CCA312CD0C21100F8D048 /* Debug */ = {
			isa = XCBuildConfiguration;
			baseConfigurationReference = 93FFC1EA304ACA7A490D1426 /* Pods-headline.debug.xcconfig */;
			buildSettings = {
				ASSETCATALOG_COMPILER_APPICON_NAME = AppIcon;
				ASSETCATALOG_COMPILER_GLOBAL_ACCENT_COLOR_NAME = AccentColor;
				CODE_SIGN_STYLE = Automatic;
				CURRENT_PROJECT_VERSION = 1;
				DEVELOPMENT_ASSET_PATHS = "\"headline/Preview Content\"";
				ENABLE_PREVIEWS = YES;
				ENABLE_USER_SCRIPT_SANDBOXING = NO;
				GENERATE_INFOPLIST_FILE = YES;
				INFOPLIST_FILE = headline/Info.plist;
				INFOPLIST_KEY_UIApplicationSceneManifest_Generation = YES;
				INFOPLIST_KEY_UIApplicationSupportsIndirectInputEvents = YES;
				INFOPLIST_KEY_UILaunchScreen_Generation = YES;
				INFOPLIST_KEY_UISupportedInterfaceOrientations = "UIInterfaceOrientationLandscapeLeft UIInterfaceOrientationLandscapeRight UIInterfaceOrientationPortrait UIInterfaceOrientationPortraitUpsideDown";
				IPHONEOS_DEPLOYMENT_TARGET = 15.0;
				LD_RUNPATH_SEARCH_PATHS = (
					"$(inherited)",
					"@executable_path/Frameworks",
				);
				MARKETING_VERSION = 1.0;
				PRODUCT_BUNDLE_IDENTIFIER = com.jayda.headline;
				PRODUCT_NAME = "$(TARGET_NAME)";
				SUPPORTED_PLATFORMS = "iphoneos iphonesimulator";
				SUPPORTS_MACCATALYST = NO;
				SUPPORTS_MAC_DESIGNED_FOR_IPHONE_IPAD = NO;
				SUPPORTS_XR_DESIGNED_FOR_IPHONE_IPAD = NO;
				SWIFT_EMIT_LOC_STRINGS = YES;
				SWIFT_VERSION = 5.0;
				TARGETED_DEVICE_FAMILY = 1;
			};
			name = Debug;
		};
		676CCA322CD0C21100F8D048 /* Release */ = {
			isa = XCBuildConfiguration;
			baseConfigurationReference = 90EA6923915AAAB2F547092D /* Pods-headline.release.xcconfig */;
			buildSettings = {
				ASSETCATALOG_COMPILER_APPICON_NAME = AppIcon;
				ASSETCATALOG_COMPILER_GLOBAL_ACCENT_COLOR_NAME = AccentColor;
				CODE_SIGN_STYLE = Automatic;
				CURRENT_PROJECT_VERSION = 1;
				DEVELOPMENT_ASSET_PATHS = "\"headline/Preview Content\"";
				ENABLE_PREVIEWS = YES;
				ENABLE_USER_SCRIPT_SANDBOXING = NO;
				GENERATE_INFOPLIST_FILE = YES;
				INFOPLIST_FILE = headline/Info.plist;
				INFOPLIST_KEY_UIApplicationSceneManifest_Generation = YES;
				INFOPLIST_KEY_UIApplicationSupportsIndirectInputEvents = YES;
				INFOPLIST_KEY_UILaunchScreen_Generation = YES;
				INFOPLIST_KEY_UISupportedInterfaceOrientations = "UIInterfaceOrientationLandscapeLeft UIInterfaceOrientationLandscapeRight UIInterfaceOrientationPortrait UIInterfaceOrientationPortraitUpsideDown";
				IPHONEOS_DEPLOYMENT_TARGET = 15.0;
				LD_RUNPATH_SEARCH_PATHS = (
					"$(inherited)",
					"@executable_path/Frameworks",
				);
				MARKETING_VERSION = 1.0;
				PRODUCT_BUNDLE_IDENTIFIER = com.jayda.headline;
				PRODUCT_NAME = "$(TARGET_NAME)";
				SUPPORTED_PLATFORMS = "iphoneos iphonesimulator";
				SUPPORTS_MACCATALYST = NO;
				SUPPORTS_MAC_DESIGNED_FOR_IPHONE_IPAD = NO;
				SUPPORTS_XR_DESIGNED_FOR_IPHONE_IPAD = NO;
				SWIFT_EMIT_LOC_STRINGS = YES;
				SWIFT_VERSION = 5.0;
				TARGETED_DEVICE_FAMILY = 1;
			};
			name = Release;
		};
/* End XCBuildConfiguration section */

/* Begin XCConfigurationList section */
		676CCA1D2CD0C21000F8D048 /* Build configuration list for PBXProject "headline" */ = {
			isa = XCConfigurationList;
			buildConfigurations = (
				676CCA2E2CD0C21100F8D048 /* Debug */,
				676CCA2F2CD0C21100F8D048 /* Release */,
			);
			defaultConfigurationIsVisible = 0;
			defaultConfigurationName = Release;
		};
		676CCA302CD0C21100F8D048 /* Build configuration list for PBXNativeTarget "headline" */ = {
			isa = XCConfigurationList;
			buildConfigurations = (
				676CCA312CD0C21100F8D048 /* Debug */,
				676CCA322CD0C21100F8D048 /* Release */,
			);
			defaultConfigurationIsVisible = 0;
			defaultConfigurationName = Release;
		};
/* End XCConfigurationList section */
	};
	rootObject = 676CCA1A2CD0C21000F8D048 /* Project object */;
}
